
Microsoft Visual Studio Solution File, Format Version 12.00
# Visual Studio Version 17
VisualStudioVersion = 17.8.34330.188
MinimumVisualStudioVersion = 10.0.40219.1
Project("{C9674DCB-5085-4A16-B785-4C70DD1589BD}") = "WareHouse", "WareHouse\WareHouse.dtproj", "{9500D1B0-8816-4E96-84B3-23E42E5B0C4A}"
EndProject
Global
	GlobalSection(SolutionConfigurationPlatforms) = preSolution
		Development|Default = Development|Default
	EndGlobalSection
	GlobalSection(ProjectConfigurationPlatforms) = postSolution
		{9500D1B0-8816-4E96-84B3-23E42E5B0C4A}.Development|Default.ActiveCfg = Development
		{9500D1B0-8816-4E96-84B3-23E42E5B0C4A}.Development|Default.Build.0 = Development
	EndGlobalSection
	GlobalSection(SolutionProperties) = preSolution
		HideSolutionNode = FALSE
	EndGlobalSection
	GlobalSection(ExtensibilityGlobals) = postSolution
		SolutionGuid = {BE18EEB7-4965-423D-B4C3-34E0E0F16AE9}
	EndGlobalSection
EndGlobal
